
Microsoft Visual Studio Solution File, Format Version 12.00
# Visual Studio Version 17
VisualStudioVersion = 17.5.33516.290
MinimumVisualStudioVersion = 10.0.40219.1
Project("{FAE04EC0-301F-11D3-BF4B-00C04F79EFBC}") = "HidClient", "HidClient\HidClient.csproj", "{3B635609-A0C9-4554-B2CE-23672737441A}"
EndProject
Project("{FAE04EC0-301F-11D3-BF4B-00C04F79EFBC}") = "Tests", "Tests\Tests.csproj", "{6E97533D-7B9E-4FFE-8B84-E3D4F1A41759}"
EndProject
Global
	GlobalSection(SolutionConfigurationPlatforms) = preSolution
		Debug|Any CPU = Debug|Any CPU
		Release|Any CPU = Release|Any CPU
	EndGlobalSection
	GlobalSection(ProjectConfigurationPlatforms) = postSolution
		{3B635609-A0C9-4554-B2CE-23672737441A}.Debug|Any CPU.ActiveCfg = Debug|Any CPU
		{3B635609-A0C9-4554-B2CE-23672737441A}.Debug|Any CPU.Build.0 = Debug|Any CPU
		{3B635609-A0C9-4554-B2CE-23672737441A}.Release|Any CPU.ActiveCfg = Release|Any CPU
		{3B635609-A0C9-4554-B2CE-23672737441A}.Release|Any CPU.Build.0 = Release|Any CPU
		{6E97533D-7B9E-4FFE-8B84-E3D4F1A41759}.Debug|Any CPU.ActiveCfg = Debug|Any CPU
		{6E97533D-7B9E-4FFE-8B84-E3D4F1A41759}.Debug|Any CPU.Build.0 = Debug|Any CPU
		{6E97533D-7B9E-4FFE-8B84-E3D4F1A41759}.Release|Any CPU.ActiveCfg = Release|Any CPU
		{6E97533D-7B9E-4FFE-8B84-E3D4F1A41759}.Release|Any CPU.Build.0 = Release|Any CPU
	EndGlobalSection
	GlobalSection(SolutionProperties) = preSolution
		HideSolutionNode = FALSE
	EndGlobalSection
	GlobalSection(ExtensibilityGlobals) = postSolution
		SolutionGuid = {323965F1-90BC-40E6-91C4-0363FEBD9DC8}
	EndGlobalSection
EndGlobal
